
Microsoft Visual Studio Solution File, Format Version 12.00
# Visual Studio Version 16
VisualStudioVersion = 16.0.32002.261
MinimumVisualStudioVersion = 10.0.40219.1
Project("{FAE04EC0-301F-11D3-BF4B-00C04F79EFBC}") = "80_Remove_Duplicates_From_Sorted_Array_2", "80_Remove_Duplicates_From_Sorted_Array_2\80_Remove_Duplicates_From_Sorted_Array_2.csproj", "{DFF6F471-62D7-4BC3-9EEB-6ADAE1024712}"
EndProject
Global
	GlobalSection(SolutionConfigurationPlatforms) = preSolution
		Debug|Any CPU = Debug|Any CPU
		Release|Any CPU = Release|Any CPU
	EndGlobalSection
	GlobalSection(ProjectConfigurationPlatforms) = postSolution
		{DFF6F471-62D7-4BC3-9EEB-6ADAE1024712}.Debug|Any CPU.ActiveCfg = Debug|Any CPU
		{DFF6F471-62D7-4BC3-9EEB-6ADAE1024712}.Debug|Any CPU.Build.0 = Debug|Any CPU
		{DFF6F471-62D7-4BC3-9EEB-6ADAE1024712}.Release|Any CPU.ActiveCfg = Release|Any CPU
		{DFF6F471-62D7-4BC3-9EEB-6ADAE1024712}.Release|Any CPU.Build.0 = Release|Any CPU
	EndGlobalSection
	GlobalSection(SolutionProperties) = preSolution
		HideSolutionNode = FALSE
	EndGlobalSection
	GlobalSection(ExtensibilityGlobals) = postSolution
		SolutionGuid = {10FE36EB-8CB5-49DC-B611-D2D594BCA603}
	EndGlobalSection
EndGlobal
