
Microsoft Visual Studio Solution File, Format Version 12.00
# Visual Studio Version 16
VisualStudioVersion = 16.0.32002.261
MinimumVisualStudioVersion = 10.0.40219.1
Project("{FAE04EC0-301F-11D3-BF4B-00C04F79EFBC}") = "27_Remove_Element", "27_Remove_Element\27_Remove_Element.csproj", "{8203789C-5D8E-4A28-BFDE-16ABA1CB3350}"
EndProject
Global
	GlobalSection(SolutionConfigurationPlatforms) = preSolution
		Debug|Any CPU = Debug|Any CPU
		Release|Any CPU = Release|Any CPU
	EndGlobalSection
	GlobalSection(ProjectConfigurationPlatforms) = postSolution
		{8203789C-5D8E-4A28-BFDE-16ABA1CB3350}.Debug|Any CPU.ActiveCfg = Debug|Any CPU
		{8203789C-5D8E-4A28-BFDE-16ABA1CB3350}.Debug|Any CPU.Build.0 = Debug|Any CPU
		{8203789C-5D8E-4A28-BFDE-16ABA1CB3350}.Release|Any CPU.ActiveCfg = Release|Any CPU
		{8203789C-5D8E-4A28-BFDE-16ABA1CB3350}.Release|Any CPU.Build.0 = Release|Any CPU
	EndGlobalSection
	GlobalSection(SolutionProperties) = preSolution
		HideSolutionNode = FALSE
	EndGlobalSection
	GlobalSection(ExtensibilityGlobals) = postSolution
		SolutionGuid = {5F60C906-9ADE-49C5-8933-64FE30F4ABF0}
	EndGlobalSection
EndGlobal
